
Microsoft Visual Studio Solution File, Format Version 12.00
# Visual Studio Version 16
VisualStudioVersion = 16.0.34601.136
MinimumVisualStudioVersion = 10.0.40219.1
Project("{FAE04EC0-301F-11D3-BF4B-00C04F79EFBC}") = "assign_1", "assign_1\assign_1.csproj", "{619CAB78-D834-4BDD-BB3E-BDE3C198E6FD}"
EndProject
Global
	GlobalSection(SolutionConfigurationPlatforms) = preSolution
		Debug|Any CPU = Debug|Any CPU
		Release|Any CPU = Release|Any CPU
	EndGlobalSection
	GlobalSection(ProjectConfigurationPlatforms) = postSolution
		{619CAB78-D834-4BDD-BB3E-BDE3C198E6FD}.Debug|Any CPU.ActiveCfg = Debug|Any CPU
		{619CAB78-D834-4BDD-BB3E-BDE3C198E6FD}.Debug|Any CPU.Build.0 = Debug|Any CPU
		{619CAB78-D834-4BDD-BB3E-BDE3C198E6FD}.Release|Any CPU.ActiveCfg = Release|Any CPU
		{619CAB78-D834-4BDD-BB3E-BDE3C198E6FD}.Release|Any CPU.Build.0 = Release|Any CPU
	EndGlobalSection
	GlobalSection(SolutionProperties) = preSolution
		HideSolutionNode = FALSE
	EndGlobalSection
	GlobalSection(ExtensibilityGlobals) = postSolution
		SolutionGuid = {439BBA6D-CCA1-423C-93F6-C73686B95772}
	EndGlobalSection
EndGlobal
