
Microsoft Visual Studio Solution File, Format Version 12.00
# Visual Studio Version 16
VisualStudioVersion = 16.0.34601.136
MinimumVisualStudioVersion = 10.0.40219.1
Project("{FAE04EC0-301F-11D3-BF4B-00C04F79EFBC}") = "assignment_5", "assignment_5\assignment_5.csproj", "{A95FB808-7766-4B6D-A0FD-367E0B952BB5}"
EndProject
Global
	GlobalSection(SolutionConfigurationPlatforms) = preSolution
		Debug|Any CPU = Debug|Any CPU
		Release|Any CPU = Release|Any CPU
	EndGlobalSection
	GlobalSection(ProjectConfigurationPlatforms) = postSolution
		{A95FB808-7766-4B6D-A0FD-367E0B952BB5}.Debug|Any CPU.ActiveCfg = Debug|Any CPU
		{A95FB808-7766-4B6D-A0FD-367E0B952BB5}.Debug|Any CPU.Build.0 = Debug|Any CPU
		{A95FB808-7766-4B6D-A0FD-367E0B952BB5}.Release|Any CPU.ActiveCfg = Release|Any CPU
		{A95FB808-7766-4B6D-A0FD-367E0B952BB5}.Release|Any CPU.Build.0 = Release|Any CPU
	EndGlobalSection
	GlobalSection(SolutionProperties) = preSolution
		HideSolutionNode = FALSE
	EndGlobalSection
	GlobalSection(ExtensibilityGlobals) = postSolution
		SolutionGuid = {8B6F8132-5CBB-4CE4-AE6E-FBE850C73FC9}
	EndGlobalSection
EndGlobal
